
Microsoft Visual Studio Solution File, Format Version 12.00
# Visual Studio Version 17
VisualStudioVersion = 17.11.35219.272
MinimumVisualStudioVersion = 10.0.40219.1
Project("{FAE04EC0-301F-11D3-BF4B-00C04F79EFBC}") = "Estuary", "Estuary.csproj", "{8B44D7A5-774D-4F11-B328-3FECC006338E}"
EndProject
Global
	GlobalSection(SolutionConfigurationPlatforms) = preSolution
		Debug|Any CPU = Debug|Any CPU
		Release|Any CPU = Release|Any CPU
	EndGlobalSection
	GlobalSection(ProjectConfigurationPlatforms) = postSolution
		{8B44D7A5-774D-4F11-B328-3FECC006338E}.Debug|Any CPU.ActiveCfg = Debug|Any CPU
		{8B44D7A5-774D-4F11-B328-3FECC006338E}.Debug|Any CPU.Build.0 = Debug|Any CPU
		{8B44D7A5-774D-4F11-B328-3FECC006338E}.Release|Any CPU.ActiveCfg = Release|Any CPU
		{8B44D7A5-774D-4F11-B328-3FECC006338E}.Release|Any CPU.Build.0 = Release|Any CPU
	EndGlobalSection
	GlobalSection(SolutionProperties) = preSolution
		HideSolutionNode = FALSE
	EndGlobalSection
	GlobalSection(ExtensibilityGlobals) = postSolution
		SolutionGuid = {DCE9BB1F-5F84-4D82-8E79-0285747A9DB0}
	EndGlobalSection
EndGlobal
